
Microsoft Visual Studio Solution File, Format Version 12.00
# Visual Studio Version 17
Project("{8BC9CEB8-8B4A-11D0-8D11-00A0C91BC942}") = "ALL_BUILD", "ALL_BUILD.vcxproj", "{7079FD83-58F9-32F5-8351-4490C62EA821}"
	ProjectSection(ProjectDependencies) = postProject
		{F054FF77-21CC-3A14-87BA-712991EEF021} = {F054FF77-21CC-3A14-87BA-712991EEF021}
		{732AF2F8-9850-33C0-BC9A-7DCEF09F1DC5} = {732AF2F8-9850-33C0-BC9A-7DCEF09F1DC5}
		{DF8545E7-F37C-322F-8689-4E10350FD878} = {DF8545E7-F37C-322F-8689-4E10350FD878}
		{A5FDFB9C-4CBB-3AF1-9D10-FAF0BB69863A} = {A5FDFB9C-4CBB-3AF1-9D10-FAF0BB69863A}
	EndProjectSection
EndProject
Project("{8BC9CEB8-8B4A-11D0-8D11-00A0C91BC942}") = "INSTALL", "INSTALL.vcxproj", "{A354619F-5964-3A4E-B05B-BEF0B3D699FC}"
	ProjectSection(ProjectDependencies) = postProject
		{7079FD83-58F9-32F5-8351-4490C62EA821} = {7079FD83-58F9-32F5-8351-4490C62EA821}
		{F054FF77-21CC-3A14-87BA-712991EEF021} = {F054FF77-21CC-3A14-87BA-712991EEF021}
	EndProjectSection
EndProject
Project("{8BC9CEB8-8B4A-11D0-8D11-00A0C91BC942}") = "ZERO_CHECK", "ZERO_CHECK.vcxproj", "{F054FF77-21CC-3A14-87BA-712991EEF021}"
	ProjectSection(ProjectDependencies) = postProject
	EndProjectSection
EndProject
Project("{8BC9CEB8-8B4A-11D0-8D11-00A0C91BC942}") = "ff", "third_party\libff\libff\ff.vcxproj", "{732AF2F8-9850-33C0-BC9A-7DCEF09F1DC5}"
	ProjectSection(ProjectDependencies) = postProject
		{F054FF77-21CC-3A14-87BA-712991EEF021} = {F054FF77-21CC-3A14-87BA-712991EEF021}
	EndProjectSection
EndProject
Project("{8BC9CEB8-8B4A-11D0-8D11-00A0C91BC942}") = "secp256k1", "secp256k1.vcxproj", "{DF8545E7-F37C-322F-8689-4E10350FD878}"
	ProjectSection(ProjectDependencies) = postProject
		{F054FF77-21CC-3A14-87BA-712991EEF021} = {F054FF77-21CC-3A14-87BA-712991EEF021}
	EndProjectSection
EndProject
Project("{8BC9CEB8-8B4A-11D0-8D11-00A0C91BC942}") = "silkpre", "lib\silkpre.vcxproj", "{A5FDFB9C-4CBB-3AF1-9D10-FAF0BB69863A}"
	ProjectSection(ProjectDependencies) = postProject
		{F054FF77-21CC-3A14-87BA-712991EEF021} = {F054FF77-21CC-3A14-87BA-712991EEF021}
		{732AF2F8-9850-33C0-BC9A-7DCEF09F1DC5} = {732AF2F8-9850-33C0-BC9A-7DCEF09F1DC5}
		{DF8545E7-F37C-322F-8689-4E10350FD878} = {DF8545E7-F37C-322F-8689-4E10350FD878}
	EndProjectSection
EndProject
Global
	GlobalSection(SolutionConfigurationPlatforms) = preSolution
		Debug|x64 = Debug|x64
		Release|x64 = Release|x64
		MinSizeRel|x64 = MinSizeRel|x64
		RelWithDebInfo|x64 = RelWithDebInfo|x64
	EndGlobalSection
	GlobalSection(ProjectConfigurationPlatforms) = postSolution
		{7079FD83-58F9-32F5-8351-4490C62EA821}.Debug|x64.ActiveCfg = Debug|x64
		{7079FD83-58F9-32F5-8351-4490C62EA821}.Debug|x64.Build.0 = Debug|x64
		{7079FD83-58F9-32F5-8351-4490C62EA821}.Release|x64.ActiveCfg = Release|x64
		{7079FD83-58F9-32F5-8351-4490C62EA821}.Release|x64.Build.0 = Release|x64
		{7079FD83-58F9-32F5-8351-4490C62EA821}.MinSizeRel|x64.ActiveCfg = MinSizeRel|x64
		{7079FD83-58F9-32F5-8351-4490C62EA821}.MinSizeRel|x64.Build.0 = MinSizeRel|x64
		{7079FD83-58F9-32F5-8351-4490C62EA821}.RelWithDebInfo|x64.ActiveCfg = RelWithDebInfo|x64
		{7079FD83-58F9-32F5-8351-4490C62EA821}.RelWithDebInfo|x64.Build.0 = RelWithDebInfo|x64
		{A354619F-5964-3A4E-B05B-BEF0B3D699FC}.Debug|x64.ActiveCfg = Debug|x64
		{A354619F-5964-3A4E-B05B-BEF0B3D699FC}.Release|x64.ActiveCfg = Release|x64
		{A354619F-5964-3A4E-B05B-BEF0B3D699FC}.MinSizeRel|x64.ActiveCfg = MinSizeRel|x64
		{A354619F-5964-3A4E-B05B-BEF0B3D699FC}.RelWithDebInfo|x64.ActiveCfg = RelWithDebInfo|x64
		{F054FF77-21CC-3A14-87BA-712991EEF021}.Debug|x64.ActiveCfg = Debug|x64
		{F054FF77-21CC-3A14-87BA-712991EEF021}.Debug|x64.Build.0 = Debug|x64
		{F054FF77-21CC-3A14-87BA-712991EEF021}.Release|x64.ActiveCfg = Release|x64
		{F054FF77-21CC-3A14-87BA-712991EEF021}.Release|x64.Build.0 = Release|x64
		{F054FF77-21CC-3A14-87BA-712991EEF021}.MinSizeRel|x64.ActiveCfg = MinSizeRel|x64
		{F054FF77-21CC-3A14-87BA-712991EEF021}.MinSizeRel|x64.Build.0 = MinSizeRel|x64
		{F054FF77-21CC-3A14-87BA-712991EEF021}.RelWithDebInfo|x64.ActiveCfg = RelWithDebInfo|x64
		{F054FF77-21CC-3A14-87BA-712991EEF021}.RelWithDebInfo|x64.Build.0 = RelWithDebInfo|x64
		{732AF2F8-9850-33C0-BC9A-7DCEF09F1DC5}.Debug|x64.ActiveCfg = Debug|x64
		{732AF2F8-9850-33C0-BC9A-7DCEF09F1DC5}.Debug|x64.Build.0 = Debug|x64
		{732AF2F8-9850-33C0-BC9A-7DCEF09F1DC5}.Release|x64.ActiveCfg = Release|x64
		{732AF2F8-9850-33C0-BC9A-7DCEF09F1DC5}.Release|x64.Build.0 = Release|x64
		{732AF2F8-9850-33C0-BC9A-7DCEF09F1DC5}.MinSizeRel|x64.ActiveCfg = MinSizeRel|x64
		{732AF2F8-9850-33C0-BC9A-7DCEF09F1DC5}.MinSizeRel|x64.Build.0 = MinSizeRel|x64
		{732AF2F8-9850-33C0-BC9A-7DCEF09F1DC5}.RelWithDebInfo|x64.ActiveCfg = RelWithDebInfo|x64
		{732AF2F8-9850-33C0-BC9A-7DCEF09F1DC5}.RelWithDebInfo|x64.Build.0 = RelWithDebInfo|x64
		{DF8545E7-F37C-322F-8689-4E10350FD878}.Debug|x64.ActiveCfg = Debug|x64
		{DF8545E7-F37C-322F-8689-4E10350FD878}.Debug|x64.Build.0 = Debug|x64
		{DF8545E7-F37C-322F-8689-4E10350FD878}.Release|x64.ActiveCfg = Release|x64
		{DF8545E7-F37C-322F-8689-4E10350FD878}.Release|x64.Build.0 = Release|x64
		{DF8545E7-F37C-322F-8689-4E10350FD878}.MinSizeRel|x64.ActiveCfg = MinSizeRel|x64
		{DF8545E7-F37C-322F-8689-4E10350FD878}.MinSizeRel|x64.Build.0 = MinSizeRel|x64
		{DF8545E7-F37C-322F-8689-4E10350FD878}.RelWithDebInfo|x64.ActiveCfg = RelWithDebInfo|x64
		{DF8545E7-F37C-322F-8689-4E10350FD878}.RelWithDebInfo|x64.Build.0 = RelWithDebInfo|x64
		{A5FDFB9C-4CBB-3AF1-9D10-FAF0BB69863A}.Debug|x64.ActiveCfg = Debug|x64
		{A5FDFB9C-4CBB-3AF1-9D10-FAF0BB69863A}.Debug|x64.Build.0 = Debug|x64
		{A5FDFB9C-4CBB-3AF1-9D10-FAF0BB69863A}.Release|x64.ActiveCfg = Release|x64
		{A5FDFB9C-4CBB-3AF1-9D10-FAF0BB69863A}.Release|x64.Build.0 = Release|x64
		{A5FDFB9C-4CBB-3AF1-9D10-FAF0BB69863A}.MinSizeRel|x64.ActiveCfg = MinSizeRel|x64
		{A5FDFB9C-4CBB-3AF1-9D10-FAF0BB69863A}.MinSizeRel|x64.Build.0 = MinSizeRel|x64
		{A5FDFB9C-4CBB-3AF1-9D10-FAF0BB69863A}.RelWithDebInfo|x64.ActiveCfg = RelWithDebInfo|x64
		{A5FDFB9C-4CBB-3AF1-9D10-FAF0BB69863A}.RelWithDebInfo|x64.Build.0 = RelWithDebInfo|x64
	EndGlobalSection
	GlobalSection(ExtensibilityGlobals) = postSolution
		SolutionGuid = {2EEA3F91-13C8-3222-AF3E-5BDCF849BECD}
	EndGlobalSection
	GlobalSection(ExtensibilityAddIns) = postSolution
	EndGlobalSection
EndGlobal
